
Microsoft Visual Studio Solution File, Format Version 12.00
Project("{FAE04EC0-301F-11D3-BF4B-00C04F79EFBC}") = "WPFAgeCalculator", "WPFAgeCalculator\WPFAgeCalculator.csproj", "{F5858FEA-B7FB-446B-A337-CCD752DBE73D}"
EndProject
Global
	GlobalSection(SolutionConfigurationPlatforms) = preSolution
		Debug|Any CPU = Debug|Any CPU
		Release|Any CPU = Release|Any CPU
	EndGlobalSection
	GlobalSection(ProjectConfigurationPlatforms) = postSolution
		{F5858FEA-B7FB-446B-A337-CCD752DBE73D}.Debug|Any CPU.ActiveCfg = Debug|Any CPU
		{F5858FEA-B7FB-446B-A337-CCD752DBE73D}.Debug|Any CPU.Build.0 = Debug|Any CPU
		{F5858FEA-B7FB-446B-A337-CCD752DBE73D}.Release|Any CPU.ActiveCfg = Release|Any CPU
		{F5858FEA-B7FB-446B-A337-CCD752DBE73D}.Release|Any CPU.Build.0 = Release|Any CPU
	EndGlobalSection
EndGlobal
